PODS:
  - iTunesClient (1.1.7)
  - SwiftLint (0.33.0)

DEPENDENCIES:
  - iTunesClient (from `https://gitlab.com/mustiikhalil/iTunesClient/`)
  - SwiftLint

SPEC REPOS:
  https://github.com/cocoapods/specs.git:
    - SwiftLint

EXTERNAL SOURCES:
  iTunesClient:
    :git: https://gitlab.com/mustiikhalil/iTunesClient/

CHECKOUT OPTIONS:
  iTunesClient:
    :commit: a921185f1ae40af27a3339acf7fd7d5935fb0925
    :git: https://gitlab.com/mustiikhalil/iTunesClient/

SPEC CHECKSUMS:
  iTunesClient: 6cf2fb00bdebe75e6cfb0364304684446a9acb8c
  SwiftLint: fed9c66336e41fc74dc48a73678380718f0c8b0e

PODFILE CHECKSUM: cee1df549e37ed44a4d75ba871354700ec926913

COCOAPODS: 1.7.2
