// !$*UTF8*$!
{
	archiveVersion = 1;
	classes = {
	};
	objectVersion = 50;
	objects = {

/* Begin PBXBuildFile section */
		736C52A741A2A66D049BFCAB /* Pods_app_storeTests.framework in Frameworks */ = {isa = PBXBuildFile; fileRef = 840957B194DE9B8D4EE6D4CA /* Pods_app_storeTests.framework */; };
		8A225C142287FB02003DD4E9 /* Client.swift in Sources */ = {isa = PBXBuildFile; fileRef = 8A225C132287FB02003DD4E9 /* Client.swift */; };
		8A29A572228A39DB00296556 /* AppStoreImageView.swift in Sources */ = {isa = PBXBuildFile; fileRef = 8A29A571228A39DB00296556 /* AppStoreImageView.swift */; };
		8A500C5D227478B80068023B /* SearchResults.swift in Sources */ = {isa = PBXBuildFile; fileRef = 8A500C5C227478B80068023B /* SearchResults.swift */; };
		8A500C5F2274795B0068023B /* ItunesResult.swift in Sources */ = {isa = PBXBuildFile; fileRef = 8A500C5E2274795B0068023B /* ItunesResult.swift */; };
		8A500C6122747A3F0068023B /* DecodeOperation.swift in Sources */ = {isa = PBXBuildFile; fileRef = 8A500C6022747A3F0068023B /* DecodeOperation.swift */; };
		8A59F083226B9178003CAD07 /* BaseTabBarController.swift in Sources */ = {isa = PBXBuildFile; fileRef = 8A59F082226B9178003CAD07 /* BaseTabBarController.swift */; };
		8A59F087226B9634003CAD07 /* TodayViewController.swift in Sources */ = {isa = PBXBuildFile; fileRef = 8A59F086226B9634003CAD07 /* TodayViewController.swift */; };
		8A59F089226B964F003CAD07 /* AppsPageViewController.swift in Sources */ = {isa = PBXBuildFile; fileRef = 8A59F088226B964F003CAD07 /* AppsPageViewController.swift */; };
		8A59F08D226B9908003CAD07 /* SearchCell.swift in Sources */ = {isa = PBXBuildFile; fileRef = 8A59F08C226B9908003CAD07 /* SearchCell.swift */; };
		8A59F091226BA579003CAD07 /* UIView+Anchors.swift in Sources */ = {isa = PBXBuildFile; fileRef = 8A59F090226BA579003CAD07 /* UIView+Anchors.swift */; };
		8A59F093226BA930003CAD07 /* VerticalStackView.swift in Sources */ = {isa = PBXBuildFile; fileRef = 8A59F092226BA930003CAD07 /* VerticalStackView.swift */; };
		8A937A042291A2340008C5ED /* AppsGroupCell.swift in Sources */ = {isa = PBXBuildFile; fileRef = 8A937A032291A2340008C5ED /* AppsGroupCell.swift */; };
		8A937A062291A42F0008C5ED /* SubAppGroupController.swift in Sources */ = {isa = PBXBuildFile; fileRef = 8A937A052291A42F0008C5ED /* SubAppGroupController.swift */; };
		8A937A082291A99C0008C5ED /* AppsCell.swift in Sources */ = {isa = PBXBuildFile; fileRef = 8A937A072291A99C0008C5ED /* AppsCell.swift */; };
		8A937A0A2291B4290008C5ED /* AppsPageHeaderCell.swift in Sources */ = {isa = PBXBuildFile; fileRef = 8A937A092291B4290008C5ED /* AppsPageHeaderCell.swift */; };
		8A937A0C2291B5500008C5ED /* AppsHeaderViewController.swift in Sources */ = {isa = PBXBuildFile; fileRef = 8A937A0B2291B5500008C5ED /* AppsHeaderViewController.swift */; };
		8A937A0E2291B66F0008C5ED /* UICollectionViewController.swift in Sources */ = {isa = PBXBuildFile; fileRef = 8A937A0D2291B66F0008C5ED /* UICollectionViewController.swift */; };
		8AB343EE226BCF7900070851 /* FetchOperation.swift in Sources */ = {isa = PBXBuildFile; fileRef = 8AB343ED226BCF7900070851 /* FetchOperation.swift */; };
		8AB343F0226BCF8A00070851 /* BaseOperation.swift in Sources */ = {isa = PBXBuildFile; fileRef = 8AB343EF226BCF8A00070851 /* BaseOperation.swift */; };
		8AB343F2226BD39600070851 /* DelayOperation.swift in Sources */ = {isa = PBXBuildFile; fileRef = 8AB343F1226BD39600070851 /* DelayOperation.swift */; };
		8AB343F4226BD3A800070851 /* OperationData.swift in Sources */ = {isa = PBXBuildFile; fileRef = 8AB343F3226BD3A800070851 /* OperationData.swift */; };
		8AC1763822967434009D03AB /* AppGroup.swift in Sources */ = {isa = PBXBuildFile; fileRef = 8AC1763722967434009D03AB /* AppGroup.swift */; };
		8AC1763A2296743E009D03AB /* Feed.swift in Sources */ = {isa = PBXBuildFile; fileRef = 8AC176392296743E009D03AB /* Feed.swift */; };
		8AE3B9EC226A4B6C00DE6414 /* AppDelegate.swift in Sources */ = {isa = PBXBuildFile; fileRef = 8AE3B9EB226A4B6C00DE6414 /* AppDelegate.swift */; };
		8AE3B9EE226A4B6C00DE6414 /* SearchViewController.swift in Sources */ = {isa = PBXBuildFile; fileRef = 8AE3B9ED226A4B6C00DE6414 /* SearchViewController.swift */; };
		8AE3B9F3226A4B6E00DE6414 /* Assets.xcassets in Resources */ = {isa = PBXBuildFile; fileRef = 8AE3B9F2226A4B6E00DE6414 /* Assets.xcassets */; };
		8AE3B9F6226A4B6E00DE6414 /* LaunchScreen.storyboard in Resources */ = {isa = PBXBuildFile; fileRef = 8AE3B9F4226A4B6E00DE6414 /* LaunchScreen.storyboard */; };
		8AE3BA01226A4B6E00DE6414 /* app_storeTests.swift in Sources */ = {isa = PBXBuildFile; fileRef = 8AE3BA00226A4B6E00DE6414 /* app_storeTests.swift */; };
		8AE3BA0C226A4B6E00DE6414 /* app_storeUITests.swift in Sources */ = {isa = PBXBuildFile; fileRef = 8AE3BA0B226A4B6E00DE6414 /* app_storeUITests.swift */; };
		B8EBFCFF163D79B02BF62202 /* Pods_app_storeUITests.framework in Frameworks */ = {isa = PBXBuildFile; fileRef = 0858695EDAFA8393E8788BC6 /* Pods_app_storeUITests.framework */; };
		F4266D89E53FC5A017391F55 /* Pods_app_store.framework in Frameworks */ = {isa = PBXBuildFile; fileRef = 820A02BFEBF44ACBF280B5D5 /* Pods_app_store.framework */; };
/* End PBXBuildFile section */

/* Begin PBXContainerItemProxy section */
		8AE3B9FD226A4B6E00DE6414 /* PBXContainerItemProxy */ = {
			isa = PBXContainerItemProxy;
			containerPortal = 8AE3B9E0226A4B6C00DE6414 /* Project object */;
			proxyType = 1;
			remoteGlobalIDString = 8AE3B9E7226A4B6C00DE6414;
			remoteInfo = app_store;
		};
		8AE3BA08226A4B6E00DE6414 /* PBXContainerItemProxy */ = {
			isa = PBXContainerItemProxy;
			containerPortal = 8AE3B9E0226A4B6C00DE6414 /* Project object */;
			proxyType = 1;
			remoteGlobalIDString = 8AE3B9E7226A4B6C00DE6414;
			remoteInfo = app_store;
		};
/* End PBXContainerItemProxy section */

/* Begin PBXFileReference section */
		0858695EDAFA8393E8788BC6 /* Pods_app_storeUITests.framework */ = {isa = PBXFileReference; explicitFileType = wrapper.framework; includeInIndex = 0; path = Pods_app_storeUITests.framework; sourceTree = BUILT_PRODUCTS_DIR; };
		2E1DC10A638837A54F268E79 /* Pods-app_storeTests.debug.xcconfig */ = {isa = PBXFileReference; includeInIndex = 1; lastKnownFileType = text.xcconfig; name = "Pods-app_storeTests.debug.xcconfig"; path = "Pods/Target Support Files/Pods-app_storeTests/Pods-app_storeTests.debug.xcconfig"; sourceTree = "<group>"; };
		43E38E06199E2EB642D36C11 /* Pods-app_storeUITests.debug.xcconfig */ = {isa = PBXFileReference; includeInIndex = 1; lastKnownFileType = text.xcconfig; name = "Pods-app_storeUITests.debug.xcconfig"; path = "Pods/Target Support Files/Pods-app_storeUITests/Pods-app_storeUITests.debug.xcconfig"; sourceTree = "<group>"; };
		820A02BFEBF44ACBF280B5D5 /* Pods_app_store.framework */ = {isa = PBXFileReference; explicitFileType = wrapper.framework; includeInIndex = 0; path = Pods_app_store.framework; sourceTree = BUILT_PRODUCTS_DIR; };
		840957B194DE9B8D4EE6D4CA /* Pods_app_storeTests.framework */ = {isa = PBXFileReference; explicitFileType = wrapper.framework; includeInIndex = 0; path = Pods_app_storeTests.framework; sourceTree = BUILT_PRODUCTS_DIR; };
		8A225C132287FB02003DD4E9 /* Client.swift */ = {isa = PBXFileReference; lastKnownFileType = sourcecode.swift; path = Client.swift; sourceTree = "<group>"; };
		8A29A571228A39DB00296556 /* AppStoreImageView.swift */ = {isa = PBXFileReference; lastKnownFileType = sourcecode.swift; path = AppStoreImageView.swift; sourceTree = "<group>"; };
		8A500C5C227478B80068023B /* SearchResults.swift */ = {isa = PBXFileReference; lastKnownFileType = sourcecode.swift; path = SearchResults.swift; sourceTree = "<group>"; };
		8A500C5E2274795B0068023B /* ItunesResult.swift */ = {isa = PBXFileReference; lastKnownFileType = sourcecode.swift; path = ItunesResult.swift; sourceTree = "<group>"; };
		8A500C6022747A3F0068023B /* DecodeOperation.swift */ = {isa = PBXFileReference; lastKnownFileType = sourcecode.swift; path = DecodeOperation.swift; sourceTree = "<group>"; };
		8A59F082226B9178003CAD07 /* BaseTabBarController.swift */ = {isa = PBXFileReference; lastKnownFileType = sourcecode.swift; path = BaseTabBarController.swift; sourceTree = "<group>"; };
		8A59F086226B9634003CAD07 /* TodayViewController.swift */ = {isa = PBXFileReference; lastKnownFileType = sourcecode.swift; path = TodayViewController.swift; sourceTree = "<group>"; };
		8A59F088226B964F003CAD07 /* AppsPageViewController.swift */ = {isa = PBXFileReference; lastKnownFileType = sourcecode.swift; path = AppsPageViewController.swift; sourceTree = "<group>"; };
		8A59F08C226B9908003CAD07 /* SearchCell.swift */ = {isa = PBXFileReference; lastKnownFileType = sourcecode.swift; path = SearchCell.swift; sourceTree = "<group>"; };
		8A59F090226BA579003CAD07 /* UIView+Anchors.swift */ = {isa = PBXFileReference; lastKnownFileType = sourcecode.swift; path = "UIView+Anchors.swift"; sourceTree = "<group>"; };
		8A59F092226BA930003CAD07 /* VerticalStackView.swift */ = {isa = PBXFileReference; lastKnownFileType = sourcecode.swift; path = VerticalStackView.swift; sourceTree = "<group>"; };
		8A937A032291A2340008C5ED /* AppsGroupCell.swift */ = {isa = PBXFileReference; lastKnownFileType = sourcecode.swift; path = AppsGroupCell.swift; sourceTree = "<group>"; };
		8A937A052291A42F0008C5ED /* SubAppGroupController.swift */ = {isa = PBXFileReference; lastKnownFileType = sourcecode.swift; path = SubAppGroupController.swift; sourceTree = "<group>"; };
		8A937A072291A99C0008C5ED /* AppsCell.swift */ = {isa = PBXFileReference; lastKnownFileType = sourcecode.swift; path = AppsCell.swift; sourceTree = "<group>"; };
		8A937A092291B4290008C5ED /* AppsPageHeaderCell.swift */ = {isa = PBXFileReference; lastKnownFileType = sourcecode.swift; path = AppsPageHeaderCell.swift; sourceTree = "<group>"; };
		8A937A0B2291B5500008C5ED /* AppsHeaderViewController.swift */ = {isa = PBXFileReference; lastKnownFileType = sourcecode.swift; path = AppsHeaderViewController.swift; sourceTree = "<group>"; };
		8A937A0D2291B66F0008C5ED /* UICollectionViewController.swift */ = {isa = PBXFileReference; lastKnownFileType = sourcecode.swift; path = UICollectionViewController.swift; sourceTree = "<group>"; };
		8AB343ED226BCF7900070851 /* FetchOperation.swift */ = {isa = PBXFileReference; lastKnownFileType = sourcecode.swift; path = FetchOperation.swift; sourceTree = "<group>"; };
		8AB343EF226BCF8A00070851 /* BaseOperation.swift */ = {isa = PBXFileReference; lastKnownFileType = sourcecode.swift; path = BaseOperation.swift; sourceTree = "<group>"; };
		8AB343F1226BD39600070851 /* DelayOperation.swift */ = {isa = PBXFileReference; lastKnownFileType = sourcecode.swift; path = DelayOperation.swift; sourceTree = "<group>"; };
		8AB343F3226BD3A800070851 /* OperationData.swift */ = {isa = PBXFileReference; lastKnownFileType = sourcecode.swift; path = OperationData.swift; sourceTree = "<group>"; };
		8AC1763722967434009D03AB /* AppGroup.swift */ = {isa = PBXFileReference; lastKnownFileType = sourcecode.swift; path = AppGroup.swift; sourceTree = "<group>"; };
		8AC176392296743E009D03AB /* Feed.swift */ = {isa = PBXFileReference; lastKnownFileType = sourcecode.swift; path = Feed.swift; sourceTree = "<group>"; };
		8AE3B9E8226A4B6C00DE6414 /* app_store.app */ = {isa = PBXFileReference; explicitFileType = wrapper.application; includeInIndex = 0; path = app_store.app; sourceTree = BUILT_PRODUCTS_DIR; };
		8AE3B9EB226A4B6C00DE6414 /* AppDelegate.swift */ = {isa = PBXFileReference; lastKnownFileType = sourcecode.swift; path = AppDelegate.swift; sourceTree = "<group>"; };
		8AE3B9ED226A4B6C00DE6414 /* SearchViewController.swift */ = {isa = PBXFileReference; lastKnownFileType = sourcecode.swift; path = SearchViewController.swift; sourceTree = "<group>"; };
		8AE3B9F2226A4B6E00DE6414 /* Assets.xcassets */ = {isa = PBXFileReference; lastKnownFileType = folder.assetcatalog; path = Assets.xcassets; sourceTree = "<group>"; };
		8AE3B9F5226A4B6E00DE6414 /* Base */ = {isa = PBXFileReference; lastKnownFileType = file.storyboard; name = Base; path = Base.lproj/LaunchScreen.storyboard; sourceTree = "<group>"; };
		8AE3B9F7226A4B6E00DE6414 /* Info.plist */ = {isa = PBXFileReference; lastKnownFileType = text.plist.xml; path = Info.plist; sourceTree = "<group>"; };
		8AE3B9FC226A4B6E00DE6414 /* app_storeTests.xctest */ = {isa = PBXFileReference; explicitFileType = wrapper.cfbundle; includeInIndex = 0; path = app_storeTests.xctest; sourceTree = BUILT_PRODUCTS_DIR; };
		8AE3BA00226A4B6E00DE6414 /* app_storeTests.swift */ = {isa = PBXFileReference; lastKnownFileType = sourcecode.swift; path = app_storeTests.swift; sourceTree = "<group>"; };
		8AE3BA02226A4B6E00DE6414 /* Info.plist */ = {isa = PBXFileReference; lastKnownFileType = text.plist.xml; path = Info.plist; sourceTree = "<group>"; };
		8AE3BA07226A4B6E00DE6414 /* app_storeUITests.xctest */ = {isa = PBXFileReference; explicitFileType = wrapper.cfbundle; includeInIndex = 0; path = app_storeUITests.xctest; sourceTree = BUILT_PRODUCTS_DIR; };
		8AE3BA0B226A4B6E00DE6414 /* app_storeUITests.swift */ = {isa = PBXFileReference; lastKnownFileType = sourcecode.swift; path = app_storeUITests.swift; sourceTree = "<group>"; };
		8AE3BA0D226A4B6E00DE6414 /* Info.plist */ = {isa = PBXFileReference; lastKnownFileType = text.plist.xml; path = Info.plist; sourceTree = "<group>"; };
		9999CE85BC7AFE7EDBC46C2E /* Pods-app_storeUITests.release.xcconfig */ = {isa = PBXFileReference; includeInIndex = 1; lastKnownFileType = text.xcconfig; name = "Pods-app_storeUITests.release.xcconfig"; path = "Pods/Target Support Files/Pods-app_storeUITests/Pods-app_storeUITests.release.xcconfig"; sourceTree = "<group>"; };
		AB568FC5665F0C28A57ECC47 /* Pods-app_store.release.xcconfig */ = {isa = PBXFileReference; includeInIndex = 1; lastKnownFileType = text.xcconfig; name = "Pods-app_store.release.xcconfig"; path = "Pods/Target Support Files/Pods-app_store/Pods-app_store.release.xcconfig"; sourceTree = "<group>"; };
		AF15D75EA1E03480629EEBE2 /* Pods-app_storeTests.release.xcconfig */ = {isa = PBXFileReference; includeInIndex = 1; lastKnownFileType = text.xcconfig; name = "Pods-app_storeTests.release.xcconfig"; path = "Pods/Target Support Files/Pods-app_storeTests/Pods-app_storeTests.release.xcconfig"; sourceTree = "<group>"; };
		EB1300D649CDD3A8F644B85C /* Pods-app_store.debug.xcconfig */ = {isa = PBXFileReference; includeInIndex = 1; lastKnownFileType = text.xcconfig; name = "Pods-app_store.debug.xcconfig"; path = "Pods/Target Support Files/Pods-app_store/Pods-app_store.debug.xcconfig"; sourceTree = "<group>"; };
/* End PBXFileReference section */

/* Begin PBXFrameworksBuildPhase section */
		8AE3B9E5226A4B6C00DE6414 /* Frameworks */ = {
			isa = PBXFrameworksBuildPhase;
			buildActionMask = 2147483647;
			files = (
				F4266D89E53FC5A017391F55 /* Pods_app_store.framework in Frameworks */,
			);
			runOnlyForDeploymentPostprocessing = 0;
		};
		8AE3B9F9226A4B6E00DE6414 /* Frameworks */ = {
			isa = PBXFrameworksBuildPhase;
			buildActionMask = 2147483647;
			files = (
				736C52A741A2A66D049BFCAB /* Pods_app_storeTests.framework in Frameworks */,
			);
			runOnlyForDeploymentPostprocessing = 0;
		};
		8AE3BA04226A4B6E00DE6414 /* Frameworks */ = {
			isa = PBXFrameworksBuildPhase;
			buildActionMask = 2147483647;
			files = (
				B8EBFCFF163D79B02BF62202 /* Pods_app_storeUITests.framework in Frameworks */,
			);
			runOnlyForDeploymentPostprocessing = 0;
		};
/* End PBXFrameworksBuildPhase section */

/* Begin PBXGroup section */
		3696E2D9C3750887F42C1523 /* Pods */ = {
			isa = PBXGroup;
			children = (
				EB1300D649CDD3A8F644B85C /* Pods-app_store.debug.xcconfig */,
				AB568FC5665F0C28A57ECC47 /* Pods-app_store.release.xcconfig */,
				2E1DC10A638837A54F268E79 /* Pods-app_storeTests.debug.xcconfig */,
				AF15D75EA1E03480629EEBE2 /* Pods-app_storeTests.release.xcconfig */,
				43E38E06199E2EB642D36C11 /* Pods-app_storeUITests.debug.xcconfig */,
				9999CE85BC7AFE7EDBC46C2E /* Pods-app_storeUITests.release.xcconfig */,
			);
			name = Pods;
			sourceTree = "<group>";
		};
		46643CA9D104DE29DB295036 /* Frameworks */ = {
			isa = PBXGroup;
			children = (
				820A02BFEBF44ACBF280B5D5 /* Pods_app_store.framework */,
				840957B194DE9B8D4EE6D4CA /* Pods_app_storeTests.framework */,
				0858695EDAFA8393E8788BC6 /* Pods_app_storeUITests.framework */,
			);
			name = Frameworks;
			sourceTree = "<group>";
		};
		8A225C122287FAE8003DD4E9 /* Client */ = {
			isa = PBXGroup;
			children = (
				8A225C132287FB02003DD4E9 /* Client.swift */,
			);
			path = Client;
			sourceTree = "<group>";
		};
		8A29A575228A3D8C00296556 /* Components */ = {
			isa = PBXGroup;
			children = (
				8A29A571228A39DB00296556 /* AppStoreImageView.swift */,
			);
			path = Components;
			sourceTree = "<group>";
		};
		8A500C5B227478AC0068023B /* Models */ = {
			isa = PBXGroup;
			children = (
				8A500C5C227478B80068023B /* SearchResults.swift */,
				8A500C5E2274795B0068023B /* ItunesResult.swift */,
				8AC1763722967434009D03AB /* AppGroup.swift */,
				8AC176392296743E009D03AB /* Feed.swift */,
			);
			path = Models;
			sourceTree = "<group>";
		};
		8A59F084226B9619003CAD07 /* ViewControllers */ = {
			isa = PBXGroup;
			children = (
				8AE3B9ED226A4B6C00DE6414 /* SearchViewController.swift */,
				8A59F086226B9634003CAD07 /* TodayViewController.swift */,
				8A59F088226B964F003CAD07 /* AppsPageViewController.swift */,
				8A937A052291A42F0008C5ED /* SubAppGroupController.swift */,
				8A937A0B2291B5500008C5ED /* AppsHeaderViewController.swift */,
			);
			path = ViewControllers;
			sourceTree = "<group>";
		};
		8A59F08B226B98FB003CAD07 /* Cells */ = {
			isa = PBXGroup;
			children = (
				8A59F08C226B9908003CAD07 /* SearchCell.swift */,
				8A937A032291A2340008C5ED /* AppsGroupCell.swift */,
				8A937A072291A99C0008C5ED /* AppsCell.swift */,
				8A937A092291B4290008C5ED /* AppsPageHeaderCell.swift */,
			);
			path = Cells;
			sourceTree = "<group>";
		};
		8A59F08F226BA567003CAD07 /* extensions */ = {
			isa = PBXGroup;
			children = (
				8A59F090226BA579003CAD07 /* UIView+Anchors.swift */,
				8A59F092226BA930003CAD07 /* VerticalStackView.swift */,
				8A937A0D2291B66F0008C5ED /* UICollectionViewController.swift */,
			);
			path = extensions;
			sourceTree = "<group>";
		};
		8AB343EC226BCF6600070851 /* Operations */ = {
			isa = PBXGroup;
			children = (
				8AB343EF226BCF8A00070851 /* BaseOperation.swift */,
				8AB343ED226BCF7900070851 /* FetchOperation.swift */,
				8AB343F1226BD39600070851 /* DelayOperation.swift */,
				8AB343F3226BD3A800070851 /* OperationData.swift */,
				8A500C6022747A3F0068023B /* DecodeOperation.swift */,
			);
			path = Operations;
			sourceTree = "<group>";
		};
		8AE3B9DF226A4B6C00DE6414 = {
			isa = PBXGroup;
			children = (
				8AE3B9EA226A4B6C00DE6414 /* app_store */,
				8AE3B9FF226A4B6E00DE6414 /* app_storeTests */,
				8AE3BA0A226A4B6E00DE6414 /* app_storeUITests */,
				8AE3B9E9226A4B6C00DE6414 /* Products */,
				3696E2D9C3750887F42C1523 /* Pods */,
				46643CA9D104DE29DB295036 /* Frameworks */,
			);
			sourceTree = "<group>";
		};
		8AE3B9E9226A4B6C00DE6414 /* Products */ = {
			isa = PBXGroup;
			children = (
				8AE3B9E8226A4B6C00DE6414 /* app_store.app */,
				8AE3B9FC226A4B6E00DE6414 /* app_storeTests.xctest */,
				8AE3BA07226A4B6E00DE6414 /* app_storeUITests.xctest */,
			);
			name = Products;
			sourceTree = "<group>";
		};
		8AE3B9EA226A4B6C00DE6414 /* app_store */ = {
			isa = PBXGroup;
			children = (
				8A29A575228A3D8C00296556 /* Components */,
				8A225C122287FAE8003DD4E9 /* Client */,
				8A500C5B227478AC0068023B /* Models */,
				8AB343EC226BCF6600070851 /* Operations */,
				8A59F08F226BA567003CAD07 /* extensions */,
				8A59F08B226B98FB003CAD07 /* Cells */,
				8A59F084226B9619003CAD07 /* ViewControllers */,
				8AE3B9EB226A4B6C00DE6414 /* AppDelegate.swift */,
				8A59F082226B9178003CAD07 /* BaseTabBarController.swift */,
				8AE3B9F4226A4B6E00DE6414 /* LaunchScreen.storyboard */,
				8AE3B9F7226A4B6E00DE6414 /* Info.plist */,
				8AE3B9F2226A4B6E00DE6414 /* Assets.xcassets */,
			);
			path = app_store;
			sourceTree = "<group>";
		};
		8AE3B9FF226A4B6E00DE6414 /* app_storeTests */ = {
			isa = PBXGroup;
			children = (
				8AE3BA00226A4B6E00DE6414 /* app_storeTests.swift */,
				8AE3BA02226A4B6E00DE6414 /* Info.plist */,
			);
			path = app_storeTests;
			sourceTree = "<group>";
		};
		8AE3BA0A226A4B6E00DE6414 /* app_storeUITests */ = {
			isa = PBXGroup;
			children = (
				8AE3BA0B226A4B6E00DE6414 /* app_storeUITests.swift */,
				8AE3BA0D226A4B6E00DE6414 /* Info.plist */,
			);
			path = app_storeUITests;
			sourceTree = "<group>";
		};
/* End PBXGroup section */

/* Begin PBXNativeTarget section */
		8AE3B9E7226A4B6C00DE6414 /* app_store */ = {
			isa = PBXNativeTarget;
			buildConfigurationList = 8AE3BA10226A4B6E00DE6414 /* Build configuration list for PBXNativeTarget "app_store" */;
			buildPhases = (
				5FAD964CBB13F9DD40F471FB /* [CP] Check Pods Manifest.lock */,
				8AE3B9E4226A4B6C00DE6414 /* Sources */,
				8AE3B9E5226A4B6C00DE6414 /* Frameworks */,
				8AE3B9E6226A4B6C00DE6414 /* Resources */,
				8A59F08E226B999A003CAD07 /* ShellScript */,
			);
			buildRules = (
			);
			dependencies = (
			);
			name = app_store;
			productName = app_store;
			productReference = 8AE3B9E8226A4B6C00DE6414 /* app_store.app */;
			productType = "com.apple.product-type.application";
		};
		8AE3B9FB226A4B6E00DE6414 /* app_storeTests */ = {
			isa = PBXNativeTarget;
			buildConfigurationList = 8AE3BA13226A4B6E00DE6414 /* Build configuration list for PBXNativeTarget "app_storeTests" */;
			buildPhases = (
				A3D268112580DB601553F033 /* [CP] Check Pods Manifest.lock */,
				8AE3B9F8226A4B6E00DE6414 /* Sources */,
				8AE3B9F9226A4B6E00DE6414 /* Frameworks */,
				8AE3B9FA226A4B6E00DE6414 /* Resources */,
			);
			buildRules = (
			);
			dependencies = (
				8AE3B9FE226A4B6E00DE6414 /* PBXTargetDependency */,
			);
			name = app_storeTests;
			productName = app_storeTests;
			productReference = 8AE3B9FC226A4B6E00DE6414 /* app_storeTests.xctest */;
			productType = "com.apple.product-type.bundle.unit-test";
		};
		8AE3BA06226A4B6E00DE6414 /* app_storeUITests */ = {
			isa = PBXNativeTarget;
			buildConfigurationList = 8AE3BA16226A4B6E00DE6414 /* Build configuration list for PBXNativeTarget "app_storeUITests" */;
			buildPhases = (
				5598C695767A0D0BDC0EC7AA /* [CP] Check Pods Manifest.lock */,
				8AE3BA03226A4B6E00DE6414 /* Sources */,
				8AE3BA04226A4B6E00DE6414 /* Frameworks */,
				8AE3BA05226A4B6E00DE6414 /* Resources */,
			);
			buildRules = (
			);
			dependencies = (
				8AE3BA09226A4B6E00DE6414 /* PBXTargetDependency */,
			);
			name = app_storeUITests;
			productName = app_storeUITests;
			productReference = 8AE3BA07226A4B6E00DE6414 /* app_storeUITests.xctest */;
			productType = "com.apple.product-type.bundle.ui-testing";
		};
/* End PBXNativeTarget section */

/* Begin PBXProject section */
		8AE3B9E0226A4B6C00DE6414 /* Project object */ = {
			isa = PBXProject;
			attributes = {
				LastSwiftUpdateCheck = 1020;
				LastUpgradeCheck = 1020;
				ORGANIZATIONNAME = "Mustafa Khalil";
				TargetAttributes = {
					8AE3B9E7226A4B6C00DE6414 = {
						CreatedOnToolsVersion = 10.2.1;
					};
					8AE3B9FB226A4B6E00DE6414 = {
						CreatedOnToolsVersion = 10.2.1;
						TestTargetID = 8AE3B9E7226A4B6C00DE6414;
					};
					8AE3BA06226A4B6E00DE6414 = {
						CreatedOnToolsVersion = 10.2.1;
						TestTargetID = 8AE3B9E7226A4B6C00DE6414;
					};
				};
			};
			buildConfigurationList = 8AE3B9E3226A4B6C00DE6414 /* Build configuration list for PBXProject "app_store" */;
			compatibilityVersion = "Xcode 9.3";
			developmentRegion = en;
			hasScannedForEncodings = 0;
			knownRegions = (
				en,
				Base,
			);
			mainGroup = 8AE3B9DF226A4B6C00DE6414;
			productRefGroup = 8AE3B9E9226A4B6C00DE6414 /* Products */;
			projectDirPath = "";
			projectRoot = "";
			targets = (
				8AE3B9E7226A4B6C00DE6414 /* app_store */,
				8AE3B9FB226A4B6E00DE6414 /* app_storeTests */,
				8AE3BA06226A4B6E00DE6414 /* app_storeUITests */,
			);
		};
/* End PBXProject section */

/* Begin PBXResourcesBuildPhase section */
		8AE3B9E6226A4B6C00DE6414 /* Resources */ = {
			isa = PBXResourcesBuildPhase;
			buildActionMask = 2147483647;
			files = (
				8AE3B9F6226A4B6E00DE6414 /* LaunchScreen.storyboard in Resources */,
				8AE3B9F3226A4B6E00DE6414 /* Assets.xcassets in Resources */,
			);
			runOnlyForDeploymentPostprocessing = 0;
		};
		8AE3B9FA226A4B6E00DE6414 /* Resources */ = {
			isa = PBXResourcesBuildPhase;
			buildActionMask = 2147483647;
			files = (
			);
			runOnlyForDeploymentPostprocessing = 0;
		};
		8AE3BA05226A4B6E00DE6414 /* Resources */ = {
			isa = PBXResourcesBuildPhase;
			buildActionMask = 2147483647;
			files = (
			);
			runOnlyForDeploymentPostprocessing = 0;
		};
/* End PBXResourcesBuildPhase section */

/* Begin PBXShellScriptBuildPhase section */
		5598C695767A0D0BDC0EC7AA /* [CP] Check Pods Manifest.lock */ = {
			isa = PBXShellScriptBuildPhase;
			buildActionMask = 2147483647;
			files = (
			);
			inputFileListPaths = (
			);
			inputPaths = (
				"${PODS_PODFILE_DIR_PATH}/Podfile.lock",
				"${PODS_ROOT}/Manifest.lock",
			);
			name = "[CP] Check Pods Manifest.lock";
			outputFileListPaths = (
			);
			outputPaths = (
				"$(DERIVED_FILE_DIR)/Pods-app_storeUITests-checkManifestLockResult.txt",
			);
			runOnlyForDeploymentPostprocessing = 0;
			shellPath = /bin/sh;
			shellScript = "diff \"${PODS_PODFILE_DIR_PATH}/Podfile.lock\" \"${PODS_ROOT}/Manifest.lock\" > /dev/null\nif [ $? != 0 ] ; then\n    # print error to STDERR\n    echo \"error: The sandbox is not in sync with the Podfile.lock. Run 'pod install' or update your CocoaPods installation.\" >&2\n    exit 1\nfi\n# This output is used by Xcode 'outputs' to avoid re-running this script phase.\necho \"SUCCESS\" > \"${SCRIPT_OUTPUT_FILE_0}\"\n";
			showEnvVarsInLog = 0;
		};
		5FAD964CBB13F9DD40F471FB /* [CP] Check Pods Manifest.lock */ = {
			isa = PBXShellScriptBuildPhase;
			buildActionMask = 2147483647;
			files = (
			);
			inputFileListPaths = (
			);
			inputPaths = (
				"${PODS_PODFILE_DIR_PATH}/Podfile.lock",
				"${PODS_ROOT}/Manifest.lock",
			);
			name = "[CP] Check Pods Manifest.lock";
			outputFileListPaths = (
			);
			outputPaths = (
				"$(DERIVED_FILE_DIR)/Pods-app_store-checkManifestLockResult.txt",
			);
			runOnlyForDeploymentPostprocessing = 0;
			shellPath = /bin/sh;
			shellScript = "diff \"${PODS_PODFILE_DIR_PATH}/Podfile.lock\" \"${PODS_ROOT}/Manifest.lock\" > /dev/null\nif [ $? != 0 ] ; then\n    # print error to STDERR\n    echo \"error: The sandbox is not in sync with the Podfile.lock. Run 'pod install' or update your CocoaPods installation.\" >&2\n    exit 1\nfi\n# This output is used by Xcode 'outputs' to avoid re-running this script phase.\necho \"SUCCESS\" > \"${SCRIPT_OUTPUT_FILE_0}\"\n";
			showEnvVarsInLog = 0;
		};
		8A59F08E226B999A003CAD07 /* ShellScript */ = {
			isa = PBXShellScriptBuildPhase;
			buildActionMask = 2147483647;
			files = (
			);
			inputFileListPaths = (
			);
			inputPaths = (
			);
			outputFileListPaths = (
			);
			outputPaths = (
			);
			runOnlyForDeploymentPostprocessing = 0;
			shellPath = /bin/sh;
			shellScript = "\n";
		};
		A3D268112580DB601553F033 /* [CP] Check Pods Manifest.lock */ = {
			isa = PBXShellScriptBuildPhase;
			buildActionMask = 2147483647;
			files = (
			);
			inputFileListPaths = (
			);
			inputPaths = (
				"${PODS_PODFILE_DIR_PATH}/Podfile.lock",
				"${PODS_ROOT}/Manifest.lock",
			);
			name = "[CP] Check Pods Manifest.lock";
			outputFileListPaths = (
			);
			outputPaths = (
				"$(DERIVED_FILE_DIR)/Pods-app_storeTests-checkManifestLockResult.txt",
			);
			runOnlyForDeploymentPostprocessing = 0;
			shellPath = /bin/sh;
			shellScript = "diff \"${PODS_PODFILE_DIR_PATH}/Podfile.lock\" \"${PODS_ROOT}/Manifest.lock\" > /dev/null\nif [ $? != 0 ] ; then\n    # print error to STDERR\n    echo \"error: The sandbox is not in sync with the Podfile.lock. Run 'pod install' or update your CocoaPods installation.\" >&2\n    exit 1\nfi\n# This output is used by Xcode 'outputs' to avoid re-running this script phase.\necho \"SUCCESS\" > \"${SCRIPT_OUTPUT_FILE_0}\"\n";
			showEnvVarsInLog = 0;
		};
/* End PBXShellScriptBuildPhase section */

/* Begin PBXSourcesBuildPhase section */
		8AE3B9E4226A4B6C00DE6414 /* Sources */ = {
			isa = PBXSourcesBuildPhase;
			buildActionMask = 2147483647;
			files = (
				8A937A0A2291B4290008C5ED /* AppsPageHeaderCell.swift in Sources */,
				8A500C5F2274795B0068023B /* ItunesResult.swift in Sources */,
				8A937A042291A2340008C5ED /* AppsGroupCell.swift in Sources */,
				8AB343EE226BCF7900070851 /* FetchOperation.swift in Sources */,
				8A59F087226B9634003CAD07 /* TodayViewController.swift in Sources */,
				8A500C6122747A3F0068023B /* DecodeOperation.swift in Sources */,
				8AC1763A2296743E009D03AB /* Feed.swift in Sources */,
				8A29A572228A39DB00296556 /* AppStoreImageView.swift in Sources */,
				8AC1763822967434009D03AB /* AppGroup.swift in Sources */,
				8A59F08D226B9908003CAD07 /* SearchCell.swift in Sources */,
				8A59F089226B964F003CAD07 /* AppsPageViewController.swift in Sources */,
				8A225C142287FB02003DD4E9 /* Client.swift in Sources */,
				8AB343F0226BCF8A00070851 /* BaseOperation.swift in Sources */,
				8A937A0C2291B5500008C5ED /* AppsHeaderViewController.swift in Sources */,
				8AB343F4226BD3A800070851 /* OperationData.swift in Sources */,
				8AE3B9EE226A4B6C00DE6414 /* SearchViewController.swift in Sources */,
				8AE3B9EC226A4B6C00DE6414 /* AppDelegate.swift in Sources */,
				8A937A0E2291B66F0008C5ED /* UICollectionViewController.swift in Sources */,
				8A937A082291A99C0008C5ED /* AppsCell.swift in Sources */,
				8A59F093226BA930003CAD07 /* VerticalStackView.swift in Sources */,
				8A500C5D227478B80068023B /* SearchResults.swift in Sources */,
				8AB343F2226BD39600070851 /* DelayOperation.swift in Sources */,
				8A59F083226B9178003CAD07 /* BaseTabBarController.swift in Sources */,
				8A59F091226BA579003CAD07 /* UIView+Anchors.swift in Sources */,
				8A937A062291A42F0008C5ED /* SubAppGroupController.swift in Sources */,
			);
			runOnlyForDeploymentPostprocessing = 0;
		};
		8AE3B9F8226A4B6E00DE6414 /* Sources */ = {
			isa = PBXSourcesBuildPhase;
			buildActionMask = 2147483647;
			files = (
				8AE3BA01226A4B6E00DE6414 /* app_storeTests.swift in Sources */,
			);
			runOnlyForDeploymentPostprocessing = 0;
		};
		8AE3BA03226A4B6E00DE6414 /* Sources */ = {
			isa = PBXSourcesBuildPhase;
			buildActionMask = 2147483647;
			files = (
				8AE3BA0C226A4B6E00DE6414 /* app_storeUITests.swift in Sources */,
			);
			runOnlyForDeploymentPostprocessing = 0;
		};
/* End PBXSourcesBuildPhase section */

/* Begin PBXTargetDependency section */
		8AE3B9FE226A4B6E00DE6414 /* PBXTargetDependency */ = {
			isa = PBXTargetDependency;
			target = 8AE3B9E7226A4B6C00DE6414 /* app_store */;
			targetProxy = 8AE3B9FD226A4B6E00DE6414 /* PBXContainerItemProxy */;
		};
		8AE3BA09226A4B6E00DE6414 /* PBXTargetDependency */ = {
			isa = PBXTargetDependency;
			target = 8AE3B9E7226A4B6C00DE6414 /* app_store */;
			targetProxy = 8AE3BA08226A4B6E00DE6414 /* PBXContainerItemProxy */;
		};
/* End PBXTargetDependency section */

/* Begin PBXVariantGroup section */
		8AE3B9F4226A4B6E00DE6414 /* LaunchScreen.storyboard */ = {
			isa = PBXVariantGroup;
			children = (
				8AE3B9F5226A4B6E00DE6414 /* Base */,
			);
			name = LaunchScreen.storyboard;
			sourceTree = "<group>";
		};
/* End PBXVariantGroup section */

/* Begin XCBuildConfiguration section */
		8AE3BA0E226A4B6E00DE6414 /* Debug */ = {
			isa = XCBuildConfiguration;
			buildSettings = {
				ALWAYS_SEARCH_USER_PATHS = NO;
				CLANG_ANALYZER_NONNULL = YES;
				CLANG_ANALYZER_NUMBER_OBJECT_CONVERSION = YES_AGGRESSIVE;
				CLANG_CXX_LANGUAGE_STANDARD = "gnu++14";
				CLANG_CXX_LIBRARY = "libc++";
				CLANG_ENABLE_MODULES = YES;
				CLANG_ENABLE_OBJC_ARC = YES;
				CLANG_ENABLE_OBJC_WEAK = YES;
				CLANG_WARN_BLOCK_CAPTURE_AUTORELEASING = YES;
				CLANG_WARN_BOOL_CONVERSION = YES;
				CLANG_WARN_COMMA = YES;
				CLANG_WARN_CONSTANT_CONVERSION = YES;
				CLANG_WARN_DEPRECATED_OBJC_IMPLEMENTATIONS = YES;
				CLANG_WARN_DIRECT_OBJC_ISA_USAGE = YES_ERROR;
				CLANG_WARN_DOCUMENTATION_COMMENTS = YES;
				CLANG_WARN_EMPTY_BODY = YES;
				CLANG_WARN_ENUM_CONVERSION = YES;
				CLANG_WARN_INFINITE_RECURSION = YES;
				CLANG_WARN_INT_CONVERSION = YES;
				CLANG_WARN_NON_LITERAL_NULL_CONVERSION = YES;
				CLANG_WARN_OBJC_IMPLICIT_RETAIN_SELF = YES;
				CLANG_WARN_OBJC_LITERAL_CONVERSION = YES;
				CLANG_WARN_OBJC_ROOT_CLASS = YES_ERROR;
				CLANG_WARN_RANGE_LOOP_ANALYSIS = YES;
				CLANG_WARN_STRICT_PROTOTYPES = YES;
				CLANG_WARN_SUSPICIOUS_MOVE = YES;
				CLANG_WARN_UNGUARDED_AVAILABILITY = YES_AGGRESSIVE;
				CLANG_WARN_UNREACHABLE_CODE = YES;
				CLANG_WARN__DUPLICATE_METHOD_MATCH = YES;
				CODE_SIGN_IDENTITY = "iPhone Developer";
				COPY_PHASE_STRIP = NO;
				DEBUG_INFORMATION_FORMAT = dwarf;
				ENABLE_STRICT_OBJC_MSGSEND = YES;
				ENABLE_TESTABILITY = YES;
				GCC_C_LANGUAGE_STANDARD = gnu11;
				GCC_DYNAMIC_NO_PIC = NO;
				GCC_NO_COMMON_BLOCKS = YES;
				GCC_OPTIMIZATION_LEVEL = 0;
				GCC_PREPROCESSOR_DEFINITIONS = (
					"DEBUG=1",
					"$(inherited)",
				);
				GCC_WARN_64_TO_32_BIT_CONVERSION = YES;
				GCC_WARN_ABOUT_RETURN_TYPE = YES_ERROR;
				GCC_WARN_UNDECLARED_SELECTOR = YES;
				GCC_WARN_UNINITIALIZED_AUTOS = YES_AGGRESSIVE;
				GCC_WARN_UNUSED_FUNCTION = YES;
				GCC_WARN_UNUSED_VARIABLE = YES;
				IPHONEOS_DEPLOYMENT_TARGET = 12.2;
				MTL_ENABLE_DEBUG_INFO = INCLUDE_SOURCE;
				MTL_FAST_MATH = YES;
				ONLY_ACTIVE_ARCH = YES;
				SDKROOT = iphoneos;
				SWIFT_ACTIVE_COMPILATION_CONDITIONS = DEBUG;
				SWIFT_OPTIMIZATION_LEVEL = "-Onone";
			};
			name = Debug;
		};
		8AE3BA0F226A4B6E00DE6414 /* Release */ = {
			isa = XCBuildConfiguration;
			buildSettings = {
				ALWAYS_SEARCH_USER_PATHS = NO;
				CLANG_ANALYZER_NONNULL = YES;
				CLANG_ANALYZER_NUMBER_OBJECT_CONVERSION = YES_AGGRESSIVE;
				CLANG_CXX_LANGUAGE_STANDARD = "gnu++14";
				CLANG_CXX_LIBRARY = "libc++";
				CLANG_ENABLE_MODULES = YES;
				CLANG_ENABLE_OBJC_ARC = YES;
				CLANG_ENABLE_OBJC_WEAK = YES;
				CLANG_WARN_BLOCK_CAPTURE_AUTORELEASING = YES;
				CLANG_WARN_BOOL_CONVERSION = YES;
				CLANG_WARN_COMMA = YES;
				CLANG_WARN_CONSTANT_CONVERSION = YES;
				CLANG_WARN_DEPRECATED_OBJC_IMPLEMENTATIONS = YES;
				CLANG_WARN_DIRECT_OBJC_ISA_USAGE = YES_ERROR;
				CLANG_WARN_DOCUMENTATION_COMMENTS = YES;
				CLANG_WARN_EMPTY_BODY = YES;
				CLANG_WARN_ENUM_CONVERSION = YES;
				CLANG_WARN_INFINITE_RECURSION = YES;
				CLANG_WARN_INT_CONVERSION = YES;
				CLANG_WARN_NON_LITERAL_NULL_CONVERSION = YES;
				CLANG_WARN_OBJC_IMPLICIT_RETAIN_SELF = YES;
				CLANG_WARN_OBJC_LITERAL_CONVERSION = YES;
				CLANG_WARN_OBJC_ROOT_CLASS = YES_ERROR;
				CLANG_WARN_RANGE_LOOP_ANALYSIS = YES;
				CLANG_WARN_STRICT_PROTOTYPES = YES;
				CLANG_WARN_SUSPICIOUS_MOVE = YES;
				CLANG_WARN_UNGUARDED_AVAILABILITY = YES_AGGRESSIVE;
				CLANG_WARN_UNREACHABLE_CODE = YES;
				CLANG_WARN__DUPLICATE_METHOD_MATCH = YES;
				CODE_SIGN_IDENTITY = "iPhone Developer";
				COPY_PHASE_STRIP = NO;
				DEBUG_INFORMATION_FORMAT = "dwarf-with-dsym";
				ENABLE_NS_ASSERTIONS = NO;
				ENABLE_STRICT_OBJC_MSGSEND = YES;
				GCC_C_LANGUAGE_STANDARD = gnu11;
				GCC_NO_COMMON_BLOCKS = YES;
				GCC_WARN_64_TO_32_BIT_CONVERSION = YES;
				GCC_WARN_ABOUT_RETURN_TYPE = YES_ERROR;
				GCC_WARN_UNDECLARED_SELECTOR = YES;
				GCC_WARN_UNINITIALIZED_AUTOS = YES_AGGRESSIVE;
				GCC_WARN_UNUSED_FUNCTION = YES;
				GCC_WARN_UNUSED_VARIABLE = YES;
				IPHONEOS_DEPLOYMENT_TARGET = 12.2;
				MTL_ENABLE_DEBUG_INFO = NO;
				MTL_FAST_MATH = YES;
				SDKROOT = iphoneos;
				SWIFT_COMPILATION_MODE = wholemodule;
				SWIFT_OPTIMIZATION_LEVEL = "-O";
				VALIDATE_PRODUCT = YES;
			};
			name = Release;
		};
		8AE3BA11226A4B6E00DE6414 /* Debug */ = {
			isa = XCBuildConfiguration;
			baseConfigurationReference = EB1300D649CDD3A8F644B85C /* Pods-app_store.debug.xcconfig */;
			buildSettings = {
				ASSETCATALOG_COMPILER_APPICON_NAME = AppIcon;
				CODE_SIGN_STYLE = Automatic;
				DEVELOPMENT_TEAM = 8QAD36SMXZ;
				INFOPLIST_FILE = "$(SRCROOT)/app_store/Info.plist";
				LD_RUNPATH_SEARCH_PATHS = (
					"$(inherited)",
					"@executable_path/Frameworks",
				);
				PRODUCT_BUNDLE_IDENTIFIER = "space.mmk.app-store";
				PRODUCT_NAME = "$(TARGET_NAME)";
				SWIFT_VERSION = 5.0;
				TARGETED_DEVICE_FAMILY = "1,2";
			};
			name = Debug;
		};
		8AE3BA12226A4B6E00DE6414 /* Release */ = {
			isa = XCBuildConfiguration;
			baseConfigurationReference = AB568FC5665F0C28A57ECC47 /* Pods-app_store.release.xcconfig */;
			buildSettings = {
				ASSETCATALOG_COMPILER_APPICON_NAME = AppIcon;
				CODE_SIGN_STYLE = Automatic;
				DEVELOPMENT_TEAM = 8QAD36SMXZ;
				INFOPLIST_FILE = "$(SRCROOT)/app_store/Info.plist";
				LD_RUNPATH_SEARCH_PATHS = (
					"$(inherited)",
					"@executable_path/Frameworks",
				);
				PRODUCT_BUNDLE_IDENTIFIER = "space.mmk.app-store";
				PRODUCT_NAME = "$(TARGET_NAME)";
				SWIFT_VERSION = 5.0;
				TARGETED_DEVICE_FAMILY = "1,2";
			};
			name = Release;
		};
		8AE3BA14226A4B6E00DE6414 /* Debug */ = {
			isa = XCBuildConfiguration;
			baseConfigurationReference = 2E1DC10A638837A54F268E79 /* Pods-app_storeTests.debug.xcconfig */;
			buildSettings = {
				ALWAYS_EMBED_SWIFT_STANDARD_LIBRARIES = YES;
				BUNDLE_LOADER = "$(TEST_HOST)";
				CODE_SIGN_STYLE = Automatic;
				DEVELOPMENT_TEAM = 8QAD36SMXZ;
				INFOPLIST_FILE = app_storeTests/Info.plist;
				LD_RUNPATH_SEARCH_PATHS = (
					"$(inherited)",
					"@executable_path/Frameworks",
					"@loader_path/Frameworks",
				);
				PRODUCT_BUNDLE_IDENTIFIER = "space.mmk.app-storeTests";
				PRODUCT_NAME = "$(TARGET_NAME)";
				SWIFT_VERSION = 5.0;
				TARGETED_DEVICE_FAMILY = "1,2";
				TEST_HOST = "$(BUILT_PRODUCTS_DIR)/app_store.app/app_store";
			};
			name = Debug;
		};
		8AE3BA15226A4B6E00DE6414 /* Release */ = {
			isa = XCBuildConfiguration;
			baseConfigurationReference = AF15D75EA1E03480629EEBE2 /* Pods-app_storeTests.release.xcconfig */;
			buildSettings = {
				ALWAYS_EMBED_SWIFT_STANDARD_LIBRARIES = YES;
				BUNDLE_LOADER = "$(TEST_HOST)";
				CODE_SIGN_STYLE = Automatic;
				DEVELOPMENT_TEAM = 8QAD36SMXZ;
				INFOPLIST_FILE = app_storeTests/Info.plist;
				LD_RUNPATH_SEARCH_PATHS = (
					"$(inherited)",
					"@executable_path/Frameworks",
					"@loader_path/Frameworks",
				);
				PRODUCT_BUNDLE_IDENTIFIER = "space.mmk.app-storeTests";
				PRODUCT_NAME = "$(TARGET_NAME)";
				SWIFT_VERSION = 5.0;
				TARGETED_DEVICE_FAMILY = "1,2";
				TEST_HOST = "$(BUILT_PRODUCTS_DIR)/app_store.app/app_store";
			};
			name = Release;
		};
		8AE3BA17226A4B6E00DE6414 /* Debug */ = {
			isa = XCBuildConfiguration;
			baseConfigurationReference = 43E38E06199E2EB642D36C11 /* Pods-app_storeUITests.debug.xcconfig */;
			buildSettings = {
				ALWAYS_EMBED_SWIFT_STANDARD_LIBRARIES = YES;
				CODE_SIGN_STYLE = Automatic;
				DEVELOPMENT_TEAM = 8QAD36SMXZ;
				INFOPLIST_FILE = app_storeUITests/Info.plist;
				LD_RUNPATH_SEARCH_PATHS = (
					"$(inherited)",
					"@executable_path/Frameworks",
					"@loader_path/Frameworks",
				);
				PRODUCT_BUNDLE_IDENTIFIER = "space.mmk.app-storeUITests";
				PRODUCT_NAME = "$(TARGET_NAME)";
				SWIFT_VERSION = 5.0;
				TARGETED_DEVICE_FAMILY = "1,2";
				TEST_TARGET_NAME = app_store;
			};
			name = Debug;
		};
		8AE3BA18226A4B6E00DE6414 /* Release */ = {
			isa = XCBuildConfiguration;
			baseConfigurationReference = 9999CE85BC7AFE7EDBC46C2E /* Pods-app_storeUITests.release.xcconfig */;
			buildSettings = {
				ALWAYS_EMBED_SWIFT_STANDARD_LIBRARIES = YES;
				CODE_SIGN_STYLE = Automatic;
				DEVELOPMENT_TEAM = 8QAD36SMXZ;
				INFOPLIST_FILE = app_storeUITests/Info.plist;
				LD_RUNPATH_SEARCH_PATHS = (
					"$(inherited)",
					"@executable_path/Frameworks",
					"@loader_path/Frameworks",
				);
				PRODUCT_BUNDLE_IDENTIFIER = "space.mmk.app-storeUITests";
				PRODUCT_NAME = "$(TARGET_NAME)";
				SWIFT_VERSION = 5.0;
				TARGETED_DEVICE_FAMILY = "1,2";
				TEST_TARGET_NAME = app_store;
			};
			name = Release;
		};
/* End XCBuildConfiguration section */

/* Begin XCConfigurationList section */
		8AE3B9E3226A4B6C00DE6414 /* Build configuration list for PBXProject "app_store" */ = {
			isa = XCConfigurationList;
			buildConfigurations = (
				8AE3BA0E226A4B6E00DE6414 /* Debug */,
				8AE3BA0F226A4B6E00DE6414 /* Release */,
			);
			defaultConfigurationIsVisible = 0;
			defaultConfigurationName = Release;
		};
		8AE3BA10226A4B6E00DE6414 /* Build configuration list for PBXNativeTarget "app_store" */ = {
			isa = XCConfigurationList;
			buildConfigurations = (
				8AE3BA11226A4B6E00DE6414 /* Debug */,
				8AE3BA12226A4B6E00DE6414 /* Release */,
			);
			defaultConfigurationIsVisible = 0;
			defaultConfigurationName = Release;
		};
		8AE3BA13226A4B6E00DE6414 /* Build configuration list for PBXNativeTarget "app_storeTests" */ = {
			isa = XCConfigurationList;
			buildConfigurations = (
				8AE3BA14226A4B6E00DE6414 /* Debug */,
				8AE3BA15226A4B6E00DE6414 /* Release */,
			);
			defaultConfigurationIsVisible = 0;
			defaultConfigurationName = Release;
		};
		8AE3BA16226A4B6E00DE6414 /* Build configuration list for PBXNativeTarget "app_storeUITests" */ = {
			isa = XCConfigurationList;
			buildConfigurations = (
				8AE3BA17226A4B6E00DE6414 /* Debug */,
				8AE3BA18226A4B6E00DE6414 /* Release */,
			);
			defaultConfigurationIsVisible = 0;
			defaultConfigurationName = Release;
		};
/* End XCConfigurationList section */
	};
	rootObject = 8AE3B9E0226A4B6C00DE6414 /* Project object */;
}
